
Microsoft Visual Studio Solution File, Format Version 12.00
# Visual Studio Version 16
VisualStudioVersion = 16.0.31624.102
MinimumVisualStudioVersion = 10.0.40219.1
Project("{FAE04EC0-301F-11D3-BF4B-00C04F79EFBC}") = "UWP_Basics", "UWP_Basics\UWP_Basics.csproj", "{2FCCAB65-31DE-4DF6-B15E-E773EFC3BA6A}"
EndProject
Global
	GlobalSection(SolutionConfigurationPlatforms) = preSolution
		Debug|ARM = Debug|ARM
		Debug|ARM64 = Debug|ARM64
		Debug|x64 = Debug|x64
		Debug|x86 = Debug|x86
		Release|ARM = Release|ARM
		Release|ARM64 = Release|ARM64
		Release|x64 = Release|x64
		Release|x86 = Release|x86
	EndGlobalSection
	GlobalSection(ProjectConfigurationPlatforms) = postSolution
		{2FCCAB65-31DE-4DF6-B15E-E773EFC3BA6A}.Debug|ARM.ActiveCfg = Debug|ARM
		{2FCCAB65-31DE-4DF6-B15E-E773EFC3BA6A}.Debug|ARM.Build.0 = Debug|ARM
		{2FCCAB65-31DE-4DF6-B15E-E773EFC3BA6A}.Debug|ARM.Deploy.0 = Debug|ARM
		{2FCCAB65-31DE-4DF6-B15E-E773EFC3BA6A}.Debug|ARM64.ActiveCfg = Debug|ARM64
		{2FCCAB65-31DE-4DF6-B15E-E773EFC3BA6A}.Debug|ARM64.Build.0 = Debug|ARM64
		{2FCCAB65-31DE-4DF6-B15E-E773EFC3BA6A}.Debug|ARM64.Deploy.0 = Debug|ARM64
		{2FCCAB65-31DE-4DF6-B15E-E773EFC3BA6A}.Debug|x64.ActiveCfg = Debug|x64
		{2FCCAB65-31DE-4DF6-B15E-E773EFC3BA6A}.Debug|x64.Build.0 = Debug|x64
		{2FCCAB65-31DE-4DF6-B15E-E773EFC3BA6A}.Debug|x64.Deploy.0 = Debug|x64
		{2FCCAB65-31DE-4DF6-B15E-E773EFC3BA6A}.Debug|x86.ActiveCfg = Debug|x86
		{2FCCAB65-31DE-4DF6-B15E-E773EFC3BA6A}.Debug|x86.Build.0 = Debug|x86
		{2FCCAB65-31DE-4DF6-B15E-E773EFC3BA6A}.Debug|x86.Deploy.0 = Debug|x86
		{2FCCAB65-31DE-4DF6-B15E-E773EFC3BA6A}.Release|ARM.ActiveCfg = Release|ARM
		{2FCCAB65-31DE-4DF6-B15E-E773EFC3BA6A}.Release|ARM.Build.0 = Release|ARM
		{2FCCAB65-31DE-4DF6-B15E-E773EFC3BA6A}.Release|ARM.Deploy.0 = Release|ARM
		{2FCCAB65-31DE-4DF6-B15E-E773EFC3BA6A}.Release|ARM64.ActiveCfg = Release|ARM64
		{2FCCAB65-31DE-4DF6-B15E-E773EFC3BA6A}.Release|ARM64.Build.0 = Release|ARM64
		{2FCCAB65-31DE-4DF6-B15E-E773EFC3BA6A}.Release|ARM64.Deploy.0 = Release|ARM64
		{2FCCAB65-31DE-4DF6-B15E-E773EFC3BA6A}.Release|x64.ActiveCfg = Release|x64
		{2FCCAB65-31DE-4DF6-B15E-E773EFC3BA6A}.Release|x64.Build.0 = Release|x64
		{2FCCAB65-31DE-4DF6-B15E-E773EFC3BA6A}.Release|x64.Deploy.0 = Release|x64
		{2FCCAB65-31DE-4DF6-B15E-E773EFC3BA6A}.Release|x86.ActiveCfg = Release|x86
		{2FCCAB65-31DE-4DF6-B15E-E773EFC3BA6A}.Release|x86.Build.0 = Release|x86
		{2FCCAB65-31DE-4DF6-B15E-E773EFC3BA6A}.Release|x86.Deploy.0 = Release|x86
	EndGlobalSection
	GlobalSection(SolutionProperties) = preSolution
		HideSolutionNode = FALSE
	EndGlobalSection
	GlobalSection(ExtensibilityGlobals) = postSolution
		SolutionGuid = {536F7D71-6E11-42EC-9597-6EA2E4539042}
	EndGlobalSection
EndGlobal
